// !$*UTF8*$!
{
	archiveVersion = 1;
	classes = {
	};
	objectVersion = 51;
	objects = {

/* Begin PBXBuildFile section */
		771CA1552832AF070052F9D5 /* AppDelegate.swift in Sources */ = {isa = PBXBuildFile; fileRef = 771CA1542832AF070052F9D5 /* AppDelegate.swift */; };
		771CA1572832AF070052F9D5 /* SceneDelegate.swift in Sources */ = {isa = PBXBuildFile; fileRef = 771CA1562832AF070052F9D5 /* SceneDelegate.swift */; };
		771CA1592832AF070052F9D5 /* ChargeListViewController.swift in Sources */ = {isa = PBXBuildFile; fileRef = 771CA1582832AF070052F9D5 /* ChargeListViewController.swift */; };
		771CA15E2832AF0B0052F9D5 /* Assets.xcassets in Resources */ = {isa = PBXBuildFile; fileRef = 771CA15D2832AF0B0052F9D5 /* Assets.xcassets */; };
		771CA1612832AF0B0052F9D5 /* LaunchScreen.storyboard in Resources */ = {isa = PBXBuildFile; fileRef = 771CA15F2832AF0B0052F9D5 /* LaunchScreen.storyboard */; };
		771CA16C2832AF0B0052F9D5 /* OpenChargeTests.swift in Sources */ = {isa = PBXBuildFile; fileRef = 771CA16B2832AF0B0052F9D5 /* OpenChargeTests.swift */; };
		771CA1772832AF0B0052F9D5 /* OpenChargeUITests.swift in Sources */ = {isa = PBXBuildFile; fileRef = 771CA1762832AF0B0052F9D5 /* OpenChargeUITests.swift */; };
		771CA19E2832D9180052F9D5 /* Constants.swift in Sources */ = {isa = PBXBuildFile; fileRef = 771CA19D2832D9180052F9D5 /* Constants.swift */; };
		771CA1A32832DDD80052F9D5 /* OpenCharge.plist in Resources */ = {isa = PBXBuildFile; fileRef = 771CA1A22832DDD80052F9D5 /* OpenCharge.plist */; };
		771CA1B92832EA290052F9D5 /* OpenChargeModel.swift in Sources */ = {isa = PBXBuildFile; fileRef = 771CA1B82832EA290052F9D5 /* OpenChargeModel.swift */; };
		771CA1C72832EBBB0052F9D5 /* OpenChargeNetworkService.swift in Sources */ = {isa = PBXBuildFile; fileRef = 771CA1C62832EBBB0052F9D5 /* OpenChargeNetworkService.swift */; };
		771CA1DD28340C6B0052F9D5 /* ChargeListViewModel.swift in Sources */ = {isa = PBXBuildFile; fileRef = 771CA1DC28340C6B0052F9D5 /* ChargeListViewModel.swift */; };
		9893EB725C09ABF10BFDB3C5 /* Pods_OpenChargeTests.framework in Frameworks */ = {isa = PBXBuildFile; fileRef = C4172D2AE9152BBA39F686CA /* Pods_OpenChargeTests.framework */; };
		B15BA2A808BF670E3DA088D1 /* Pods_OpenCharge.framework in Frameworks */ = {isa = PBXBuildFile; fileRef = 7C13F30E88AD6EE5884A9230 /* Pods_OpenCharge.framework */; };
		ED0056DD1180ADD961A06B88 /* Pods_OpenCharge_OpenChargeUITests.framework in Frameworks */ = {isa = PBXBuildFile; fileRef = 156F9C61A40ECA6C154C2CF6 /* Pods_OpenCharge_OpenChargeUITests.framework */; };
/* End PBXBuildFile section */

/* Begin PBXContainerItemProxy section */
		771CA1682832AF0B0052F9D5 /* PBXContainerItemProxy */ = {
			isa = PBXContainerItemProxy;
			containerPortal = 771CA1492832AF070052F9D5 /* Project object */;
			proxyType = 1;
			remoteGlobalIDString = 771CA1502832AF070052F9D5;
			remoteInfo = OpenCharge;
		};
		771CA1732832AF0B0052F9D5 /* PBXContainerItemProxy */ = {
			isa = PBXContainerItemProxy;
			containerPortal = 771CA1492832AF070052F9D5 /* Project object */;
			proxyType = 1;
			remoteGlobalIDString = 771CA1502832AF070052F9D5;
			remoteInfo = OpenCharge;
		};
/* End PBXContainerItemProxy section */

/* Begin PBXFileReference section */
		11AE34508D967EE7108E33B7 /* Pods-OpenCharge.debug.xcconfig */ = {isa = PBXFileReference; includeInIndex = 1; lastKnownFileType = text.xcconfig; name = "Pods-OpenCharge.debug.xcconfig"; path = "Target Support Files/Pods-OpenCharge/Pods-OpenCharge.debug.xcconfig"; sourceTree = "<group>"; };
		156F9C61A40ECA6C154C2CF6 /* Pods_OpenCharge_OpenChargeUITests.framework */ = {isa = PBXFileReference; explicitFileType = wrapper.framework; includeInIndex = 0; path = Pods_OpenCharge_OpenChargeUITests.framework; sourceTree = BUILT_PRODUCTS_DIR; };
		228689CC5EDA9849A5A3D50A /* Pods-OpenCharge-OpenChargeUITests.release.xcconfig */ = {isa = PBXFileReference; includeInIndex = 1; lastKnownFileType = text.xcconfig; name = "Pods-OpenCharge-OpenChargeUITests.release.xcconfig"; path = "Target Support Files/Pods-OpenCharge-OpenChargeUITests/Pods-OpenCharge-OpenChargeUITests.release.xcconfig"; sourceTree = "<group>"; };
		3D3255273338DF2ACA8F2CE6 /* Pods-OpenChargeTests.release.xcconfig */ = {isa = PBXFileReference; includeInIndex = 1; lastKnownFileType = text.xcconfig; name = "Pods-OpenChargeTests.release.xcconfig"; path = "Target Support Files/Pods-OpenChargeTests/Pods-OpenChargeTests.release.xcconfig"; sourceTree = "<group>"; };
		558FFB76010C8E128EB13362 /* Pods-OpenCharge.release.xcconfig */ = {isa = PBXFileReference; includeInIndex = 1; lastKnownFileType = text.xcconfig; name = "Pods-OpenCharge.release.xcconfig"; path = "Target Support Files/Pods-OpenCharge/Pods-OpenCharge.release.xcconfig"; sourceTree = "<group>"; };
		570ED771D53C1FE861A01A8D /* Pods-OpenCharge-OpenChargeUITests.debug.xcconfig */ = {isa = PBXFileReference; includeInIndex = 1; lastKnownFileType = text.xcconfig; name = "Pods-OpenCharge-OpenChargeUITests.debug.xcconfig"; path = "Target Support Files/Pods-OpenCharge-OpenChargeUITests/Pods-OpenCharge-OpenChargeUITests.debug.xcconfig"; sourceTree = "<group>"; };
		771CA1512832AF070052F9D5 /* OpenCharge.app */ = {isa = PBXFileReference; explicitFileType = wrapper.application; includeInIndex = 0; path = OpenCharge.app; sourceTree = BUILT_PRODUCTS_DIR; };
		771CA1542832AF070052F9D5 /* AppDelegate.swift */ = {isa = PBXFileReference; lastKnownFileType = sourcecode.swift; path = AppDelegate.swift; sourceTree = "<group>"; };
		771CA1562832AF070052F9D5 /* SceneDelegate.swift */ = {isa = PBXFileReference; lastKnownFileType = sourcecode.swift; path = SceneDelegate.swift; sourceTree = "<group>"; };
		771CA1582832AF070052F9D5 /* ChargeListViewController.swift */ = {isa = PBXFileReference; lastKnownFileType = sourcecode.swift; path = ChargeListViewController.swift; sourceTree = "<group>"; };
		771CA15D2832AF0B0052F9D5 /* Assets.xcassets */ = {isa = PBXFileReference; lastKnownFileType = folder.assetcatalog; path = Assets.xcassets; sourceTree = "<group>"; };
		771CA1602832AF0B0052F9D5 /* Base */ = {isa = PBXFileReference; lastKnownFileType = file.storyboard; name = Base; path = Base.lproj/LaunchScreen.storyboard; sourceTree = "<group>"; };
		771CA1622832AF0B0052F9D5 /* Info.plist */ = {isa = PBXFileReference; lastKnownFileType = text.plist.xml; path = Info.plist; sourceTree = "<group>"; };
		771CA1672832AF0B0052F9D5 /* OpenChargeTests.xctest */ = {isa = PBXFileReference; explicitFileType = wrapper.cfbundle; includeInIndex = 0; path = OpenChargeTests.xctest; sourceTree = BUILT_PRODUCTS_DIR; };
		771CA16B2832AF0B0052F9D5 /* OpenChargeTests.swift */ = {isa = PBXFileReference; lastKnownFileType = sourcecode.swift; path = OpenChargeTests.swift; sourceTree = "<group>"; };
		771CA16D2832AF0B0052F9D5 /* Info.plist */ = {isa = PBXFileReference; lastKnownFileType = text.plist.xml; path = Info.plist; sourceTree = "<group>"; };
		771CA1722832AF0B0052F9D5 /* OpenChargeUITests.xctest */ = {isa = PBXFileReference; explicitFileType = wrapper.cfbundle; includeInIndex = 0; path = OpenChargeUITests.xctest; sourceTree = BUILT_PRODUCTS_DIR; };
		771CA1762832AF0B0052F9D5 /* OpenChargeUITests.swift */ = {isa = PBXFileReference; lastKnownFileType = sourcecode.swift; path = OpenChargeUITests.swift; sourceTree = "<group>"; };
		771CA1782832AF0B0052F9D5 /* Info.plist */ = {isa = PBXFileReference; lastKnownFileType = text.plist.xml; path = Info.plist; sourceTree = "<group>"; };
		771CA19D2832D9180052F9D5 /* Constants.swift */ = {isa = PBXFileReference; lastKnownFileType = sourcecode.swift; path = Constants.swift; sourceTree = "<group>"; };
		771CA1A22832DDD80052F9D5 /* OpenCharge.plist */ = {isa = PBXFileReference; lastKnownFileType = text.plist.xml; path = OpenCharge.plist; sourceTree = "<group>"; };
		771CA1B82832EA290052F9D5 /* OpenChargeModel.swift */ = {isa = PBXFileReference; lastKnownFileType = sourcecode.swift; path = OpenChargeModel.swift; sourceTree = "<group>"; };
		771CA1C62832EBBB0052F9D5 /* OpenChargeNetworkService.swift */ = {isa = PBXFileReference; lastKnownFileType = sourcecode.swift; path = OpenChargeNetworkService.swift; sourceTree = "<group>"; };
		771CA1DC28340C6B0052F9D5 /* ChargeListViewModel.swift */ = {isa = PBXFileReference; lastKnownFileType = sourcecode.swift; path = ChargeListViewModel.swift; sourceTree = "<group>"; };
		7C13F30E88AD6EE5884A9230 /* Pods_OpenCharge.framework */ = {isa = PBXFileReference; explicitFileType = wrapper.framework; includeInIndex = 0; path = Pods_OpenCharge.framework; sourceTree = BUILT_PRODUCTS_DIR; };
		C4172D2AE9152BBA39F686CA /* Pods_OpenChargeTests.framework */ = {isa = PBXFileReference; explicitFileType = wrapper.framework; includeInIndex = 0; path = Pods_OpenChargeTests.framework; sourceTree = BUILT_PRODUCTS_DIR; };
		CCD2C9E3CEB2150D46304B34 /* Pods-OpenChargeTests.debug.xcconfig */ = {isa = PBXFileReference; includeInIndex = 1; lastKnownFileType = text.xcconfig; name = "Pods-OpenChargeTests.debug.xcconfig"; path = "Target Support Files/Pods-OpenChargeTests/Pods-OpenChargeTests.debug.xcconfig"; sourceTree = "<group>"; };
/* End PBXFileReference section */

/* Begin PBXFrameworksBuildPhase section */
		771CA14E2832AF070052F9D5 /* Frameworks */ = {
			isa = PBXFrameworksBuildPhase;
			buildActionMask = 2147483647;
			files = (
				B15BA2A808BF670E3DA088D1 /* Pods_OpenCharge.framework in Frameworks */,
			);
			runOnlyForDeploymentPostprocessing = 0;
		};
		771CA1642832AF0B0052F9D5 /* Frameworks */ = {
			isa = PBXFrameworksBuildPhase;
			buildActionMask = 2147483647;
			files = (
				9893EB725C09ABF10BFDB3C5 /* Pods_OpenChargeTests.framework in Frameworks */,
			);
			runOnlyForDeploymentPostprocessing = 0;
		};
		771CA16F2832AF0B0052F9D5 /* Frameworks */ = {
			isa = PBXFrameworksBuildPhase;
			buildActionMask = 2147483647;
			files = (
				ED0056DD1180ADD961A06B88 /* Pods_OpenCharge_OpenChargeUITests.framework in Frameworks */,
			);
			runOnlyForDeploymentPostprocessing = 0;
		};
/* End PBXFrameworksBuildPhase section */

/* Begin PBXGroup section */
		01F4A6779CD5FCEDAA14A3E6 /* Pods */ = {
			isa = PBXGroup;
			children = (
				11AE34508D967EE7108E33B7 /* Pods-OpenCharge.debug.xcconfig */,
				558FFB76010C8E128EB13362 /* Pods-OpenCharge.release.xcconfig */,
				570ED771D53C1FE861A01A8D /* Pods-OpenCharge-OpenChargeUITests.debug.xcconfig */,
				228689CC5EDA9849A5A3D50A /* Pods-OpenCharge-OpenChargeUITests.release.xcconfig */,
				CCD2C9E3CEB2150D46304B34 /* Pods-OpenChargeTests.debug.xcconfig */,
				3D3255273338DF2ACA8F2CE6 /* Pods-OpenChargeTests.release.xcconfig */,
			);
			path = Pods;
			sourceTree = "<group>";
		};
		6344DB5EECC46B8E39FB5D53 /* Frameworks */ = {
			isa = PBXGroup;
			children = (
				7C13F30E88AD6EE5884A9230 /* Pods_OpenCharge.framework */,
				156F9C61A40ECA6C154C2CF6 /* Pods_OpenCharge_OpenChargeUITests.framework */,
				C4172D2AE9152BBA39F686CA /* Pods_OpenChargeTests.framework */,
			);
			name = Frameworks;
			sourceTree = "<group>";
		};
		771CA1482832AF070052F9D5 = {
			isa = PBXGroup;
			children = (
				771CA1532832AF070052F9D5 /* OpenCharge */,
				771CA16A2832AF0B0052F9D5 /* OpenChargeTests */,
				771CA1752832AF0B0052F9D5 /* OpenChargeUITests */,
				771CA1522832AF070052F9D5 /* Products */,
				01F4A6779CD5FCEDAA14A3E6 /* Pods */,
				6344DB5EECC46B8E39FB5D53 /* Frameworks */,
			);
			sourceTree = "<group>";
		};
		771CA1522832AF070052F9D5 /* Products */ = {
			isa = PBXGroup;
			children = (
				771CA1512832AF070052F9D5 /* OpenCharge.app */,
				771CA1672832AF0B0052F9D5 /* OpenChargeTests.xctest */,
				771CA1722832AF0B0052F9D5 /* OpenChargeUITests.xctest */,
			);
			name = Products;
			sourceTree = "<group>";
		};
		771CA1532832AF070052F9D5 /* OpenCharge */ = {
			isa = PBXGroup;
			children = (
				771CA1C52832EB7A0052F9D5 /* NetworkService */,
				771CA18D2832AFBE0052F9D5 /* ViewModel */,
				771CA18C2832AF950052F9D5 /* View */,
				771CA18B2832AF880052F9D5 /* Model */,
				771CA18A2832AF780052F9D5 /* Core */,
				771CA15D2832AF0B0052F9D5 /* Assets.xcassets */,
				771CA15F2832AF0B0052F9D5 /* LaunchScreen.storyboard */,
				771CA1622832AF0B0052F9D5 /* Info.plist */,
				771CA1A22832DDD80052F9D5 /* OpenCharge.plist */,
			);
			path = OpenCharge;
			sourceTree = "<group>";
		};
		771CA16A2832AF0B0052F9D5 /* OpenChargeTests */ = {
			isa = PBXGroup;
			children = (
				771CA16B2832AF0B0052F9D5 /* OpenChargeTests.swift */,
				771CA16D2832AF0B0052F9D5 /* Info.plist */,
			);
			path = OpenChargeTests;
			sourceTree = "<group>";
		};
		771CA1752832AF0B0052F9D5 /* OpenChargeUITests */ = {
			isa = PBXGroup;
			children = (
				771CA1762832AF0B0052F9D5 /* OpenChargeUITests.swift */,
				771CA1782832AF0B0052F9D5 /* Info.plist */,
			);
			path = OpenChargeUITests;
			sourceTree = "<group>";
		};
		771CA18A2832AF780052F9D5 /* Core */ = {
			isa = PBXGroup;
			children = (
				771CA1542832AF070052F9D5 /* AppDelegate.swift */,
				771CA1562832AF070052F9D5 /* SceneDelegate.swift */,
			);
			path = Core;
			sourceTree = "<group>";
		};
		771CA18B2832AF880052F9D5 /* Model */ = {
			isa = PBXGroup;
			children = (
				771CA19D2832D9180052F9D5 /* Constants.swift */,
				771CA1B82832EA290052F9D5 /* OpenChargeModel.swift */,
			);
			path = Model;
			sourceTree = "<group>";
		};
		771CA18C2832AF950052F9D5 /* View */ = {
			isa = PBXGroup;
			children = (
				771CA1582832AF070052F9D5 /* ChargeListViewController.swift */,
			);
			path = View;
			sourceTree = "<group>";
		};
		771CA18D2832AFBE0052F9D5 /* ViewModel */ = {
			isa = PBXGroup;
			children = (
				771CA1DC28340C6B0052F9D5 /* ChargeListViewModel.swift */,
			);
			path = ViewModel;
			sourceTree = "<group>";
		};
		771CA1C52832EB7A0052F9D5 /* NetworkService */ = {
			isa = PBXGroup;
			children = (
				771CA1C62832EBBB0052F9D5 /* OpenChargeNetworkService.swift */,
			);
			path = NetworkService;
			sourceTree = "<group>";
		};
/* End PBXGroup section */

/* Begin PBXNativeTarget section */
		771CA1502832AF070052F9D5 /* OpenCharge */ = {
			isa = PBXNativeTarget;
			buildConfigurationList = 771CA17B2832AF0B0052F9D5 /* Build configuration list for PBXNativeTarget "OpenCharge" */;
			buildPhases = (
				A7F530A9689FAF918E6D39CD /* [CP] Check Pods Manifest.lock */,
				771CA14D2832AF070052F9D5 /* Sources */,
				771CA14E2832AF070052F9D5 /* Frameworks */,
				771CA14F2832AF070052F9D5 /* Resources */,
				5C8427207CEB42C2AB3FFFCA /* [CP] Embed Pods Frameworks */,
			);
			buildRules = (
			);
			dependencies = (
			);
			name = OpenCharge;
			productName = OpenCharge;
			productReference = 771CA1512832AF070052F9D5 /* OpenCharge.app */;
			productType = "com.apple.product-type.application";
		};
		771CA1662832AF0B0052F9D5 /* OpenChargeTests */ = {
			isa = PBXNativeTarget;
			buildConfigurationList = 771CA17E2832AF0B0052F9D5 /* Build configuration list for PBXNativeTarget "OpenChargeTests" */;
			buildPhases = (
				6E1568582825F30F898D2198 /* [CP] Check Pods Manifest.lock */,
				771CA1632832AF0B0052F9D5 /* Sources */,
				771CA1642832AF0B0052F9D5 /* Frameworks */,
				771CA1652832AF0B0052F9D5 /* Resources */,
			);
			buildRules = (
			);
			dependencies = (
				771CA1692832AF0B0052F9D5 /* PBXTargetDependency */,
			);
			name = OpenChargeTests;
			productName = OpenChargeTests;
			productReference = 771CA1672832AF0B0052F9D5 /* OpenChargeTests.xctest */;
			productType = "com.apple.product-type.bundle.unit-test";
		};
		771CA1712832AF0B0052F9D5 /* OpenChargeUITests */ = {
			isa = PBXNativeTarget;
			buildConfigurationList = 771CA1812832AF0B0052F9D5 /* Build configuration list for PBXNativeTarget "OpenChargeUITests" */;
			buildPhases = (
				EDE2D61630C6E5C1C9D43B51 /* [CP] Check Pods Manifest.lock */,
				771CA16E2832AF0B0052F9D5 /* Sources */,
				771CA16F2832AF0B0052F9D5 /* Frameworks */,
				771CA1702832AF0B0052F9D5 /* Resources */,
				EC9C1986A6CFF115916874FB /* [CP] Embed Pods Frameworks */,
			);
			buildRules = (
			);
			dependencies = (
				771CA1742832AF0B0052F9D5 /* PBXTargetDependency */,
			);
			name = OpenChargeUITests;
			productName = OpenChargeUITests;
			productReference = 771CA1722832AF0B0052F9D5 /* OpenChargeUITests.xctest */;
			productType = "com.apple.product-type.bundle.ui-testing";
		};
/* End PBXNativeTarget section */

/* Begin PBXProject section */
		771CA1492832AF070052F9D5 /* Project object */ = {
			isa = PBXProject;
			attributes = {
				LastSwiftUpdateCheck = 1240;
				LastUpgradeCheck = 1240;
				TargetAttributes = {
					771CA1502832AF070052F9D5 = {
						CreatedOnToolsVersion = 12.4;
					};
					771CA1662832AF0B0052F9D5 = {
						CreatedOnToolsVersion = 12.4;
						TestTargetID = 771CA1502832AF070052F9D5;
					};
					771CA1712832AF0B0052F9D5 = {
						CreatedOnToolsVersion = 12.4;
						TestTargetID = 771CA1502832AF070052F9D5;
					};
				};
			};
			buildConfigurationList = 771CA14C2832AF070052F9D5 /* Build configuration list for PBXProject "OpenCharge" */;
			compatibilityVersion = "Xcode 9.3";
			developmentRegion = en;
			hasScannedForEncodings = 0;
			knownRegions = (
				en,
				Base,
			);
			mainGroup = 771CA1482832AF070052F9D5;
			productRefGroup = 771CA1522832AF070052F9D5 /* Products */;
			projectDirPath = "";
			projectRoot = "";
			targets = (
				771CA1502832AF070052F9D5 /* OpenCharge */,
				771CA1662832AF0B0052F9D5 /* OpenChargeTests */,
				771CA1712832AF0B0052F9D5 /* OpenChargeUITests */,
			);
		};
/* End PBXProject section */

/* Begin PBXResourcesBuildPhase section */
		771CA14F2832AF070052F9D5 /* Resources */ = {
			isa = PBXResourcesBuildPhase;
			buildActionMask = 2147483647;
			files = (
				771CA1612832AF0B0052F9D5 /* LaunchScreen.storyboard in Resources */,
				771CA15E2832AF0B0052F9D5 /* Assets.xcassets in Resources */,
				771CA1A32832DDD80052F9D5 /* OpenCharge.plist in Resources */,
			);
			runOnlyForDeploymentPostprocessing = 0;
		};
		771CA1652832AF0B0052F9D5 /* Resources */ = {
			isa = PBXResourcesBuildPhase;
			buildActionMask = 2147483647;
			files = (
			);
			runOnlyForDeploymentPostprocessing = 0;
		};
		771CA1702832AF0B0052F9D5 /* Resources */ = {
			isa = PBXResourcesBuildPhase;
			buildActionMask = 2147483647;
			files = (
			);
			runOnlyForDeploymentPostprocessing = 0;
		};
/* End PBXResourcesBuildPhase section */

/* Begin PBXShellScriptBuildPhase section */
		5C8427207CEB42C2AB3FFFCA /* [CP] Embed Pods Frameworks */ = {
			isa = PBXShellScriptBuildPhase;
			buildActionMask = 2147483647;
			files = (
			);
			inputFileListPaths = (
				"${PODS_ROOT}/Target Support Files/Pods-OpenCharge/Pods-OpenCharge-frameworks-${CONFIGURATION}-input-files.xcfilelist",
			);
			name = "[CP] Embed Pods Frameworks";
			outputFileListPaths = (
				"${PODS_ROOT}/Target Support Files/Pods-OpenCharge/Pods-OpenCharge-frameworks-${CONFIGURATION}-output-files.xcfilelist",
			);
			runOnlyForDeploymentPostprocessing = 0;
			shellPath = /bin/sh;
			shellScript = "\"${PODS_ROOT}/Target Support Files/Pods-OpenCharge/Pods-OpenCharge-frameworks.sh\"\n";
			showEnvVarsInLog = 0;
		};
		6E1568582825F30F898D2198 /* [CP] Check Pods Manifest.lock */ = {
			isa = PBXShellScriptBuildPhase;
			buildActionMask = 2147483647;
			files = (
			);
			inputFileListPaths = (
			);
			inputPaths = (
				"${PODS_PODFILE_DIR_PATH}/Podfile.lock",
				"${PODS_ROOT}/Manifest.lock",
			);
			name = "[CP] Check Pods Manifest.lock";
			outputFileListPaths = (
			);
			outputPaths = (
				"$(DERIVED_FILE_DIR)/Pods-OpenChargeTests-checkManifestLockResult.txt",
			);
			runOnlyForDeploymentPostprocessing = 0;
			shellPath = /bin/sh;
			shellScript = "diff \"${PODS_PODFILE_DIR_PATH}/Podfile.lock\" \"${PODS_ROOT}/Manifest.lock\" > /dev/null\nif [ $? != 0 ] ; then\n    # print error to STDERR\n    echo \"error: The sandbox is not in sync with the Podfile.lock. Run 'pod install' or update your CocoaPods installation.\" >&2\n    exit 1\nfi\n# This output is used by Xcode 'outputs' to avoid re-running this script phase.\necho \"SUCCESS\" > \"${SCRIPT_OUTPUT_FILE_0}\"\n";
			showEnvVarsInLog = 0;
		};
		A7F530A9689FAF918E6D39CD /* [CP] Check Pods Manifest.lock */ = {
			isa = PBXShellScriptBuildPhase;
			buildActionMask = 2147483647;
			files = (
			);
			inputFileListPaths = (
			);
			inputPaths = (
				"${PODS_PODFILE_DIR_PATH}/Podfile.lock",
				"${PODS_ROOT}/Manifest.lock",
			);
			name = "[CP] Check Pods Manifest.lock";
			outputFileListPaths = (
			);
			outputPaths = (
				"$(DERIVED_FILE_DIR)/Pods-OpenCharge-checkManifestLockResult.txt",
			);
			runOnlyForDeploymentPostprocessing = 0;
			shellPath = /bin/sh;
			shellScript = "diff \"${PODS_PODFILE_DIR_PATH}/Podfile.lock\" \"${PODS_ROOT}/Manifest.lock\" > /dev/null\nif [ $? != 0 ] ; then\n    # print error to STDERR\n    echo \"error: The sandbox is not in sync with the Podfile.lock. Run 'pod install' or update your CocoaPods installation.\" >&2\n    exit 1\nfi\n# This output is used by Xcode 'outputs' to avoid re-running this script phase.\necho \"SUCCESS\" > \"${SCRIPT_OUTPUT_FILE_0}\"\n";
			showEnvVarsInLog = 0;
		};
		EC9C1986A6CFF115916874FB /* [CP] Embed Pods Frameworks */ = {
			isa = PBXShellScriptBuildPhase;
			buildActionMask = 2147483647;
			files = (
			);
			inputFileListPaths = (
				"${PODS_ROOT}/Target Support Files/Pods-OpenCharge-OpenChargeUITests/Pods-OpenCharge-OpenChargeUITests-frameworks-${CONFIGURATION}-input-files.xcfilelist",
			);
			name = "[CP] Embed Pods Frameworks";
			outputFileListPaths = (
				"${PODS_ROOT}/Target Support Files/Pods-OpenCharge-OpenChargeUITests/Pods-OpenCharge-OpenChargeUITests-frameworks-${CONFIGURATION}-output-files.xcfilelist",
			);
			runOnlyForDeploymentPostprocessing = 0;
			shellPath = /bin/sh;
			shellScript = "\"${PODS_ROOT}/Target Support Files/Pods-OpenCharge-OpenChargeUITests/Pods-OpenCharge-OpenChargeUITests-frameworks.sh\"\n";
			showEnvVarsInLog = 0;
		};
		EDE2D61630C6E5C1C9D43B51 /* [CP] Check Pods Manifest.lock */ = {
			isa = PBXShellScriptBuildPhase;
			buildActionMask = 2147483647;
			files = (
			);
			inputFileListPaths = (
			);
			inputPaths = (
				"${PODS_PODFILE_DIR_PATH}/Podfile.lock",
				"${PODS_ROOT}/Manifest.lock",
			);
			name = "[CP] Check Pods Manifest.lock";
			outputFileListPaths = (
			);
			outputPaths = (
				"$(DERIVED_FILE_DIR)/Pods-OpenCharge-OpenChargeUITests-checkManifestLockResult.txt",
			);
			runOnlyForDeploymentPostprocessing = 0;
			shellPath = /bin/sh;
			shellScript = "diff \"${PODS_PODFILE_DIR_PATH}/Podfile.lock\" \"${PODS_ROOT}/Manifest.lock\" > /dev/null\nif [ $? != 0 ] ; then\n    # print error to STDERR\n    echo \"error: The sandbox is not in sync with the Podfile.lock. Run 'pod install' or update your CocoaPods installation.\" >&2\n    exit 1\nfi\n# This output is used by Xcode 'outputs' to avoid re-running this script phase.\necho \"SUCCESS\" > \"${SCRIPT_OUTPUT_FILE_0}\"\n";
			showEnvVarsInLog = 0;
		};
/* End PBXShellScriptBuildPhase section */

/* Begin PBXSourcesBuildPhase section */
		771CA14D2832AF070052F9D5 /* Sources */ = {
			isa = PBXSourcesBuildPhase;
			buildActionMask = 2147483647;
			files = (
				771CA1592832AF070052F9D5 /* ChargeListViewController.swift in Sources */,
				771CA1552832AF070052F9D5 /* AppDelegate.swift in Sources */,
				771CA1DD28340C6B0052F9D5 /* ChargeListViewModel.swift in Sources */,
				771CA1C72832EBBB0052F9D5 /* OpenChargeNetworkService.swift in Sources */,
				771CA1572832AF070052F9D5 /* SceneDelegate.swift in Sources */,
				771CA1B92832EA290052F9D5 /* OpenChargeModel.swift in Sources */,
				771CA19E2832D9180052F9D5 /* Constants.swift in Sources */,
			);
			runOnlyForDeploymentPostprocessing = 0;
		};
		771CA1632832AF0B0052F9D5 /* Sources */ = {
			isa = PBXSourcesBuildPhase;
			buildActionMask = 2147483647;
			files = (
				771CA16C2832AF0B0052F9D5 /* OpenChargeTests.swift in Sources */,
			);
			runOnlyForDeploymentPostprocessing = 0;
		};
		771CA16E2832AF0B0052F9D5 /* Sources */ = {
			isa = PBXSourcesBuildPhase;
			buildActionMask = 2147483647;
			files = (
				771CA1772832AF0B0052F9D5 /* OpenChargeUITests.swift in Sources */,
			);
			runOnlyForDeploymentPostprocessing = 0;
		};
/* End PBXSourcesBuildPhase section */

/* Begin PBXTargetDependency section */
		771CA1692832AF0B0052F9D5 /* PBXTargetDependency */ = {
			isa = PBXTargetDependency;
			target = 771CA1502832AF070052F9D5 /* OpenCharge */;
			targetProxy = 771CA1682832AF0B0052F9D5 /* PBXContainerItemProxy */;
		};
		771CA1742832AF0B0052F9D5 /* PBXTargetDependency */ = {
			isa = PBXTargetDependency;
			target = 771CA1502832AF070052F9D5 /* OpenCharge */;
			targetProxy = 771CA1732832AF0B0052F9D5 /* PBXContainerItemProxy */;
		};
/* End PBXTargetDependency section */

/* Begin PBXVariantGroup section */
		771CA15F2832AF0B0052F9D5 /* LaunchScreen.storyboard */ = {
			isa = PBXVariantGroup;
			children = (
				771CA1602832AF0B0052F9D5 /* Base */,
			);
			name = LaunchScreen.storyboard;
			sourceTree = "<group>";
		};
/* End PBXVariantGroup section */

/* Begin XCBuildConfiguration section */
		771CA1792832AF0B0052F9D5 /* Debug */ = {
			isa = XCBuildConfiguration;
			buildSettings = {
				ALWAYS_SEARCH_USER_PATHS = NO;
				CLANG_ANALYZER_NONNULL = YES;
				CLANG_ANALYZER_NUMBER_OBJECT_CONVERSION = YES_AGGRESSIVE;
				CLANG_CXX_LANGUAGE_STANDARD = "gnu++14";
				CLANG_CXX_LIBRARY = "libc++";
				CLANG_ENABLE_MODULES = YES;
				CLANG_ENABLE_OBJC_ARC = YES;
				CLANG_ENABLE_OBJC_WEAK = YES;
				CLANG_WARN_BLOCK_CAPTURE_AUTORELEASING = YES;
				CLANG_WARN_BOOL_CONVERSION = YES;
				CLANG_WARN_COMMA = YES;
				CLANG_WARN_CONSTANT_CONVERSION = YES;
				CLANG_WARN_DEPRECATED_OBJC_IMPLEMENTATIONS = YES;
				CLANG_WARN_DIRECT_OBJC_ISA_USAGE = YES_ERROR;
				CLANG_WARN_DOCUMENTATION_COMMENTS = YES;
				CLANG_WARN_EMPTY_BODY = YES;
				CLANG_WARN_ENUM_CONVERSION = YES;
				CLANG_WARN_INFINITE_RECURSION = YES;
				CLANG_WARN_INT_CONVERSION = YES;
				CLANG_WARN_NON_LITERAL_NULL_CONVERSION = YES;
				CLANG_WARN_OBJC_IMPLICIT_RETAIN_SELF = YES;
				CLANG_WARN_OBJC_LITERAL_CONVERSION = YES;
				CLANG_WARN_OBJC_ROOT_CLASS = YES_ERROR;
				CLANG_WARN_QUOTED_INCLUDE_IN_FRAMEWORK_HEADER = YES;
				CLANG_WARN_RANGE_LOOP_ANALYSIS = YES;
				CLANG_WARN_STRICT_PROTOTYPES = YES;
				CLANG_WARN_SUSPICIOUS_MOVE = YES;
				CLANG_WARN_UNGUARDED_AVAILABILITY = YES_AGGRESSIVE;
				CLANG_WARN_UNREACHABLE_CODE = YES;
				CLANG_WARN__DUPLICATE_METHOD_MATCH = YES;
				COPY_PHASE_STRIP = NO;
				DEBUG_INFORMATION_FORMAT = dwarf;
				ENABLE_STRICT_OBJC_MSGSEND = YES;
				ENABLE_TESTABILITY = YES;
				GCC_C_LANGUAGE_STANDARD = gnu11;
				GCC_DYNAMIC_NO_PIC = NO;
				GCC_NO_COMMON_BLOCKS = YES;
				GCC_OPTIMIZATION_LEVEL = 0;
				GCC_PREPROCESSOR_DEFINITIONS = (
					"DEBUG=1",
					"$(inherited)",
				);
				GCC_WARN_64_TO_32_BIT_CONVERSION = YES;
				GCC_WARN_ABOUT_RETURN_TYPE = YES_ERROR;
				GCC_WARN_UNDECLARED_SELECTOR = YES;
				GCC_WARN_UNINITIALIZED_AUTOS = YES_AGGRESSIVE;
				GCC_WARN_UNUSED_FUNCTION = YES;
				GCC_WARN_UNUSED_VARIABLE = YES;
				IPHONEOS_DEPLOYMENT_TARGET = 14.4;
				MTL_ENABLE_DEBUG_INFO = INCLUDE_SOURCE;
				MTL_FAST_MATH = YES;
				ONLY_ACTIVE_ARCH = YES;
				SDKROOT = iphoneos;
				SWIFT_ACTIVE_COMPILATION_CONDITIONS = DEBUG;
				SWIFT_OPTIMIZATION_LEVEL = "-Onone";
			};
			name = Debug;
		};
		771CA17A2832AF0B0052F9D5 /* Release */ = {
			isa = XCBuildConfiguration;
			buildSettings = {
				ALWAYS_SEARCH_USER_PATHS = NO;
				CLANG_ANALYZER_NONNULL = YES;
				CLANG_ANALYZER_NUMBER_OBJECT_CONVERSION = YES_AGGRESSIVE;
				CLANG_CXX_LANGUAGE_STANDARD = "gnu++14";
				CLANG_CXX_LIBRARY = "libc++";
				CLANG_ENABLE_MODULES = YES;
				CLANG_ENABLE_OBJC_ARC = YES;
				CLANG_ENABLE_OBJC_WEAK = YES;
				CLANG_WARN_BLOCK_CAPTURE_AUTORELEASING = YES;
				CLANG_WARN_BOOL_CONVERSION = YES;
				CLANG_WARN_COMMA = YES;
				CLANG_WARN_CONSTANT_CONVERSION = YES;
				CLANG_WARN_DEPRECATED_OBJC_IMPLEMENTATIONS = YES;
				CLANG_WARN_DIRECT_OBJC_ISA_USAGE = YES_ERROR;
				CLANG_WARN_DOCUMENTATION_COMMENTS = YES;
				CLANG_WARN_EMPTY_BODY = YES;
				CLANG_WARN_ENUM_CONVERSION = YES;
				CLANG_WARN_INFINITE_RECURSION = YES;
				CLANG_WARN_INT_CONVERSION = YES;
				CLANG_WARN_NON_LITERAL_NULL_CONVERSION = YES;
				CLANG_WARN_OBJC_IMPLICIT_RETAIN_SELF = YES;
				CLANG_WARN_OBJC_LITERAL_CONVERSION = YES;
				CLANG_WARN_OBJC_ROOT_CLASS = YES_ERROR;
				CLANG_WARN_QUOTED_INCLUDE_IN_FRAMEWORK_HEADER = YES;
				CLANG_WARN_RANGE_LOOP_ANALYSIS = YES;
				CLANG_WARN_STRICT_PROTOTYPES = YES;
				CLANG_WARN_SUSPICIOUS_MOVE = YES;
				CLANG_WARN_UNGUARDED_AVAILABILITY = YES_AGGRESSIVE;
				CLANG_WARN_UNREACHABLE_CODE = YES;
				CLANG_WARN__DUPLICATE_METHOD_MATCH = YES;
				COPY_PHASE_STRIP = NO;
				DEBUG_INFORMATION_FORMAT = "dwarf-with-dsym";
				ENABLE_NS_ASSERTIONS = NO;
				ENABLE_STRICT_OBJC_MSGSEND = YES;
				GCC_C_LANGUAGE_STANDARD = gnu11;
				GCC_NO_COMMON_BLOCKS = YES;
				GCC_WARN_64_TO_32_BIT_CONVERSION = YES;
				GCC_WARN_ABOUT_RETURN_TYPE = YES_ERROR;
				GCC_WARN_UNDECLARED_SELECTOR = YES;
				GCC_WARN_UNINITIALIZED_AUTOS = YES_AGGRESSIVE;
				GCC_WARN_UNUSED_FUNCTION = YES;
				GCC_WARN_UNUSED_VARIABLE = YES;
				IPHONEOS_DEPLOYMENT_TARGET = 14.4;
				MTL_ENABLE_DEBUG_INFO = NO;
				MTL_FAST_MATH = YES;
				SDKROOT = iphoneos;
				SWIFT_COMPILATION_MODE = wholemodule;
				SWIFT_OPTIMIZATION_LEVEL = "-O";
				VALIDATE_PRODUCT = YES;
			};
			name = Release;
		};
		771CA17C2832AF0B0052F9D5 /* Debug */ = {
			isa = XCBuildConfiguration;
			baseConfigurationReference = 11AE34508D967EE7108E33B7 /* Pods-OpenCharge.debug.xcconfig */;
			buildSettings = {
				ASSETCATALOG_COMPILER_APPICON_NAME = AppIcon;
				ASSETCATALOG_COMPILER_GLOBAL_ACCENT_COLOR_NAME = AccentColor;
				CODE_SIGN_STYLE = Automatic;
				INFOPLIST_FILE = OpenCharge/Info.plist;
				LD_RUNPATH_SEARCH_PATHS = (
					"$(inherited)",
					"@executable_path/Frameworks",
				);
				PRODUCT_BUNDLE_IDENTIFIER = onurustunel.OpenCharge;
				PRODUCT_NAME = "$(TARGET_NAME)";
				SWIFT_VERSION = 5.0;
				TARGETED_DEVICE_FAMILY = "1,2";
			};
			name = Debug;
		};
		771CA17D2832AF0B0052F9D5 /* Release */ = {
			isa = XCBuildConfiguration;
			baseConfigurationReference = 558FFB76010C8E128EB13362 /* Pods-OpenCharge.release.xcconfig */;
			buildSettings = {
				ASSETCATALOG_COMPILER_APPICON_NAME = AppIcon;
				ASSETCATALOG_COMPILER_GLOBAL_ACCENT_COLOR_NAME = AccentColor;
				CODE_SIGN_STYLE = Automatic;
				INFOPLIST_FILE = OpenCharge/Info.plist;
				LD_RUNPATH_SEARCH_PATHS = (
					"$(inherited)",
					"@executable_path/Frameworks",
				);
				PRODUCT_BUNDLE_IDENTIFIER = onurustunel.OpenCharge;
				PRODUCT_NAME = "$(TARGET_NAME)";
				SWIFT_VERSION = 5.0;
				TARGETED_DEVICE_FAMILY = "1,2";
			};
			name = Release;
		};
		771CA17F2832AF0B0052F9D5 /* Debug */ = {
			isa = XCBuildConfiguration;
			baseConfigurationReference = CCD2C9E3CEB2150D46304B34 /* Pods-OpenChargeTests.debug.xcconfig */;
			buildSettings = {
				ALWAYS_EMBED_SWIFT_STANDARD_LIBRARIES = YES;
				BUNDLE_LOADER = "$(TEST_HOST)";
				CODE_SIGN_STYLE = Automatic;
				INFOPLIST_FILE = OpenChargeTests/Info.plist;
				IPHONEOS_DEPLOYMENT_TARGET = 14.4;
				LD_RUNPATH_SEARCH_PATHS = (
					"$(inherited)",
					"@executable_path/Frameworks",
					"@loader_path/Frameworks",
				);
				PRODUCT_BUNDLE_IDENTIFIER = onurustunel.OpenChargeTests;
				PRODUCT_NAME = "$(TARGET_NAME)";
				SWIFT_VERSION = 5.0;
				TARGETED_DEVICE_FAMILY = "1,2";
				TEST_HOST = "$(BUILT_PRODUCTS_DIR)/OpenCharge.app/OpenCharge";
			};
			name = Debug;
		};
		771CA1802832AF0B0052F9D5 /* Release */ = {
			isa = XCBuildConfiguration;
			baseConfigurationReference = 3D3255273338DF2ACA8F2CE6 /* Pods-OpenChargeTests.release.xcconfig */;
			buildSettings = {
				ALWAYS_EMBED_SWIFT_STANDARD_LIBRARIES = YES;
				BUNDLE_LOADER = "$(TEST_HOST)";
				CODE_SIGN_STYLE = Automatic;
				INFOPLIST_FILE = OpenChargeTests/Info.plist;
				IPHONEOS_DEPLOYMENT_TARGET = 14.4;
				LD_RUNPATH_SEARCH_PATHS = (
					"$(inherited)",
					"@executable_path/Frameworks",
					"@loader_path/Frameworks",
				);
				PRODUCT_BUNDLE_IDENTIFIER = onurustunel.OpenChargeTests;
				PRODUCT_NAME = "$(TARGET_NAME)";
				SWIFT_VERSION = 5.0;
				TARGETED_DEVICE_FAMILY = "1,2";
				TEST_HOST = "$(BUILT_PRODUCTS_DIR)/OpenCharge.app/OpenCharge";
			};
			name = Release;
		};
		771CA1822832AF0B0052F9D5 /* Debug */ = {
			isa = XCBuildConfiguration;
			baseConfigurationReference = 570ED771D53C1FE861A01A8D /* Pods-OpenCharge-OpenChargeUITests.debug.xcconfig */;
			buildSettings = {
				ALWAYS_EMBED_SWIFT_STANDARD_LIBRARIES = YES;
				CODE_SIGN_STYLE = Automatic;
				INFOPLIST_FILE = OpenChargeUITests/Info.plist;
				LD_RUNPATH_SEARCH_PATHS = (
					"$(inherited)",
					"@executable_path/Frameworks",
					"@loader_path/Frameworks",
				);
				PRODUCT_BUNDLE_IDENTIFIER = onurustunel.OpenChargeUITests;
				PRODUCT_NAME = "$(TARGET_NAME)";
				SWIFT_VERSION = 5.0;
				TARGETED_DEVICE_FAMILY = "1,2";
				TEST_TARGET_NAME = OpenCharge;
			};
			name = Debug;
		};
		771CA1832832AF0B0052F9D5 /* Release */ = {
			isa = XCBuildConfiguration;
			baseConfigurationReference = 228689CC5EDA9849A5A3D50A /* Pods-OpenCharge-OpenChargeUITests.release.xcconfig */;
			buildSettings = {
				ALWAYS_EMBED_SWIFT_STANDARD_LIBRARIES = YES;
				CODE_SIGN_STYLE = Automatic;
				INFOPLIST_FILE = OpenChargeUITests/Info.plist;
				LD_RUNPATH_SEARCH_PATHS = (
					"$(inherited)",
					"@executable_path/Frameworks",
					"@loader_path/Frameworks",
				);
				PRODUCT_BUNDLE_IDENTIFIER = onurustunel.OpenChargeUITests;
				PRODUCT_NAME = "$(TARGET_NAME)";
				SWIFT_VERSION = 5.0;
				TARGETED_DEVICE_FAMILY = "1,2";
				TEST_TARGET_NAME = OpenCharge;
			};
			name = Release;
		};
/* End XCBuildConfiguration section */

/* Begin XCConfigurationList section */
		771CA14C2832AF070052F9D5 /* Build configuration list for PBXProject "OpenCharge" */ = {
			isa = XCConfigurationList;
			buildConfigurations = (
				771CA1792832AF0B0052F9D5 /* Debug */,
				771CA17A2832AF0B0052F9D5 /* Release */,
			);
			defaultConfigurationIsVisible = 0;
			defaultConfigurationName = Release;
		};
		771CA17B2832AF0B0052F9D5 /* Build configuration list for PBXNativeTarget "OpenCharge" */ = {
			isa = XCConfigurationList;
			buildConfigurations = (
				771CA17C2832AF0B0052F9D5 /* Debug */,
				771CA17D2832AF0B0052F9D5 /* Release */,
			);
			defaultConfigurationIsVisible = 0;
			defaultConfigurationName = Release;
		};
		771CA17E2832AF0B0052F9D5 /* Build configuration list for PBXNativeTarget "OpenChargeTests" */ = {
			isa = XCConfigurationList;
			buildConfigurations = (
				771CA17F2832AF0B0052F9D5 /* Debug */,
				771CA1802832AF0B0052F9D5 /* Release */,
			);
			defaultConfigurationIsVisible = 0;
			defaultConfigurationName = Release;
		};
		771CA1812832AF0B0052F9D5 /* Build configuration list for PBXNativeTarget "OpenChargeUITests" */ = {
			isa = XCConfigurationList;
			buildConfigurations = (
				771CA1822832AF0B0052F9D5 /* Debug */,
				771CA1832832AF0B0052F9D5 /* Release */,
			);
			defaultConfigurationIsVisible = 0;
			defaultConfigurationName = Release;
		};
/* End XCConfigurationList section */
	};
	rootObject = 771CA1492832AF070052F9D5 /* Project object */;
}
